
Microsoft Visual Studio Solution File, Format Version 12.00
# Visual Studio 14
VisualStudioVersion = 14.0.25420.1
MinimumVisualStudioVersion = 10.0.40219.1
Project("{FAE04EC0-301F-11D3-BF4B-00C04F79EFBC}") = "Chat", "Chat\Chat.csproj", "{EF96BD57-37FB-48C1-B7E6-72AD46B4F8F2}"
EndProject
Project("{FAE04EC0-301F-11D3-BF4B-00C04F79EFBC}") = "Chat.Data", "Chat.Data\Chat.Data.csproj", "{70285CB5-AA8B-4E4B-8281-B413EE0ABD38}"
EndProject
Project("{FAE04EC0-301F-11D3-BF4B-00C04F79EFBC}") = "Chat.Service", "Chat.Service\Chat.Service.csproj", "{4BFC4D50-D729-40C9-8F42-43A85D920A44}"
EndProject
Project("{FAE04EC0-301F-11D3-BF4B-00C04F79EFBC}") = "Chat.Entity", "Chat.Entity\Chat.Entity.csproj", "{4358681B-8EED-494C-82D5-DAAC70E6AA6D}"
EndProject
Global
	GlobalSection(SolutionConfigurationPlatforms) = preSolution
		Debug|Any CPU = Debug|Any CPU
		Release|Any CPU = Release|Any CPU
	EndGlobalSection
	GlobalSection(ProjectConfigurationPlatforms) = postSolution
		{EF96BD57-37FB-48C1-B7E6-72AD46B4F8F2}.Debug|Any CPU.ActiveCfg = Debug|Any CPU
		{EF96BD57-37FB-48C1-B7E6-72AD46B4F8F2}.Debug|Any CPU.Build.0 = Debug|Any CPU
		{EF96BD57-37FB-48C1-B7E6-72AD46B4F8F2}.Release|Any CPU.ActiveCfg = Release|Any CPU
		{EF96BD57-37FB-48C1-B7E6-72AD46B4F8F2}.Release|Any CPU.Build.0 = Release|Any CPU
		{70285CB5-AA8B-4E4B-8281-B413EE0ABD38}.Debug|Any CPU.ActiveCfg = Debug|Any CPU
		{70285CB5-AA8B-4E4B-8281-B413EE0ABD38}.Debug|Any CPU.Build.0 = Debug|Any CPU
		{70285CB5-AA8B-4E4B-8281-B413EE0ABD38}.Release|Any CPU.ActiveCfg = Release|Any CPU
		{70285CB5-AA8B-4E4B-8281-B413EE0ABD38}.Release|Any CPU.Build.0 = Release|Any CPU
		{4BFC4D50-D729-40C9-8F42-43A85D920A44}.Debug|Any CPU.ActiveCfg = Debug|Any CPU
		{4BFC4D50-D729-40C9-8F42-43A85D920A44}.Debug|Any CPU.Build.0 = Debug|Any CPU
		{4BFC4D50-D729-40C9-8F42-43A85D920A44}.Release|Any CPU.ActiveCfg = Release|Any CPU
		{4BFC4D50-D729-40C9-8F42-43A85D920A44}.Release|Any CPU.Build.0 = Release|Any CPU
		{4358681B-8EED-494C-82D5-DAAC70E6AA6D}.Debug|Any CPU.ActiveCfg = Debug|Any CPU
		{4358681B-8EED-494C-82D5-DAAC70E6AA6D}.Debug|Any CPU.Build.0 = Debug|Any CPU
		{4358681B-8EED-494C-82D5-DAAC70E6AA6D}.Release|Any CPU.ActiveCfg = Release|Any CPU
		{4358681B-8EED-494C-82D5-DAAC70E6AA6D}.Release|Any CPU.Build.0 = Release|Any CPU
	EndGlobalSection
	GlobalSection(SolutionProperties) = preSolution
		HideSolutionNode = FALSE
	EndGlobalSection
EndGlobal
